
Microsoft Visual Studio Solution File, Format Version 12.00
# Visual Studio Version 16
VisualStudioVersion = 16.0.31515.178
MinimumVisualStudioVersion = 10.0.40219.1
Project("{9A19103F-16F7-4668-BE54-9A1E7A4F7556}") = "ResolvedX", "ResolvedX.csproj", "{DE29ADAE-10F6-4E4C-83BC-71B3207B06EF}"
EndProject
Project("{FAE04EC0-301F-11D3-BF4B-00C04F79EFBC}") = "SharedResources", "..\SharedResources\SharedResources.csproj", "{C706A122-2AB8-454B-AD05-E300FB1AAAEC}"
EndProject
Global
	GlobalSection(SolutionConfigurationPlatforms) = preSolution
		Debug|Any CPU = Debug|Any CPU
		Release|Any CPU = Release|Any CPU
	EndGlobalSection
	GlobalSection(ProjectConfigurationPlatforms) = postSolution
		{DE29ADAE-10F6-4E4C-83BC-71B3207B06EF}.Debug|Any CPU.ActiveCfg = Debug|Any CPU
		{DE29ADAE-10F6-4E4C-83BC-71B3207B06EF}.Debug|Any CPU.Build.0 = Debug|Any CPU
		{DE29ADAE-10F6-4E4C-83BC-71B3207B06EF}.Release|Any CPU.ActiveCfg = Release|Any CPU
		{DE29ADAE-10F6-4E4C-83BC-71B3207B06EF}.Release|Any CPU.Build.0 = Release|Any CPU
		{C706A122-2AB8-454B-AD05-E300FB1AAAEC}.Debug|Any CPU.ActiveCfg = Debug|Any CPU
		{C706A122-2AB8-454B-AD05-E300FB1AAAEC}.Debug|Any CPU.Build.0 = Debug|Any CPU
		{C706A122-2AB8-454B-AD05-E300FB1AAAEC}.Release|Any CPU.ActiveCfg = Release|Any CPU
		{C706A122-2AB8-454B-AD05-E300FB1AAAEC}.Release|Any CPU.Build.0 = Release|Any CPU
	EndGlobalSection
	GlobalSection(SolutionProperties) = preSolution
		HideSolutionNode = FALSE
	EndGlobalSection
	GlobalSection(ExtensibilityGlobals) = postSolution
		SolutionGuid = {99840A23-5ABE-4C40-87B5-B6D58F5844F4}
	EndGlobalSection
EndGlobal
